// !$*UTF8*$!
{
	archiveVersion = 1;
	classes = {
	};
	objectVersion = 46;
	objects = {

/* Begin PBXBuildFile section */
		571483491C842EB30045A1B1 /* RefreshGifHeader.m in Sources */ = {isa = PBXBuildFile; fileRef = 571483481C842EB30045A1B1 /* RefreshGifHeader.m */; };
		573079151C7C0834003FD204 /* RefreshHeader.m in Sources */ = {isa = PBXBuildFile; fileRef = 573079141C7C0834003FD204 /* RefreshHeader.m */; };
		5744DF4E1C7465E0009B9E1E /* RefreshComponent.m in Sources */ = {isa = PBXBuildFile; fileRef = 5744DF4D1C7465E0009B9E1E /* RefreshComponent.m */; };
		5744DF511C7467C9009B9E1E /* UIView+YTExtension.m in Sources */ = {isa = PBXBuildFile; fileRef = 5744DF501C7467C9009B9E1E /* UIView+YTExtension.m */; };
		5744DF541C746817009B9E1E /* UIScrollView+YTExtension.m in Sources */ = {isa = PBXBuildFile; fileRef = 5744DF531C746817009B9E1E /* UIScrollView+YTExtension.m */; };
		5744DF571C74899A009B9E1E /* RefreshConst.m in Sources */ = {isa = PBXBuildFile; fileRef = 5744DF561C74899A009B9E1E /* RefreshConst.m */; };
		5744DF5B1C759BC1009B9E1E /* RefreshFooter.m in Sources */ = {isa = PBXBuildFile; fileRef = 5744DF5A1C759BC1009B9E1E /* RefreshFooter.m */; };
		5744DF5F1C75A2AE009B9E1E /* UIScrollView+Refresh.m in Sources */ = {isa = PBXBuildFile; fileRef = 5744DF5E1C75A2AE009B9E1E /* UIScrollView+Refresh.m */; };
		577CF22F1C7EF46200CFF20D /* RefreshStateHeader.m in Sources */ = {isa = PBXBuildFile; fileRef = 577CF22E1C7EF46200CFF20D /* RefreshStateHeader.m */; };
		577CF2321C7F006900CFF20D /* RefreshStateNormalHeader.m in Sources */ = {isa = PBXBuildFile; fileRef = 577CF2311C7F006900CFF20D /* RefreshStateNormalHeader.m */; };
		577CF2341C7F06D100CFF20D /* arrow@2x.png in Resources */ = {isa = PBXBuildFile; fileRef = 577CF2331C7F06D100CFF20D /* arrow@2x.png */; };
		578A1CD71C48FA1A0030F8BF /* main.m in Sources */ = {isa = PBXBuildFile; fileRef = 578A1CD61C48FA1A0030F8BF /* main.m */; };
		578A1CDA1C48FA1A0030F8BF /* AppDelegate.m in Sources */ = {isa = PBXBuildFile; fileRef = 578A1CD91C48FA1A0030F8BF /* AppDelegate.m */; };
		578A1CDD1C48FA1A0030F8BF /* ViewController.m in Sources */ = {isa = PBXBuildFile; fileRef = 578A1CDC1C48FA1A0030F8BF /* ViewController.m */; };
		578A1CE01C48FA1A0030F8BF /* Main.storyboard in Resources */ = {isa = PBXBuildFile; fileRef = 578A1CDE1C48FA1A0030F8BF /* Main.storyboard */; };
		578A1CE21C48FA1A0030F8BF /* Assets.xcassets in Resources */ = {isa = PBXBuildFile; fileRef = 578A1CE11C48FA1A0030F8BF /* Assets.xcassets */; };
		578A1CE51C48FA1A0030F8BF /* LaunchScreen.storyboard in Resources */ = {isa = PBXBuildFile; fileRef = 578A1CE31C48FA1A0030F8BF /* LaunchScreen.storyboard */; };
		578A1CF01C48FA1A0030F8BF /* YTRefreshTests.m in Sources */ = {isa = PBXBuildFile; fileRef = 578A1CEF1C48FA1A0030F8BF /* YTRefreshTests.m */; };
		578A1CFB1C48FA1A0030F8BF /* YTRefreshUITests.m in Sources */ = {isa = PBXBuildFile; fileRef = 578A1CFA1C48FA1A0030F8BF /* YTRefreshUITests.m */; };
		57BC9A661C7D5FA30005BD11 /* RefreshAutoStateFooter.m in Sources */ = {isa = PBXBuildFile; fileRef = 57BC9A651C7D5FA30005BD11 /* RefreshAutoStateFooter.m */; };
		57BC9A691C7D794C0005BD11 /* RefreshAutoStateNormalFooter.m in Sources */ = {isa = PBXBuildFile; fileRef = 57BC9A681C7D794C0005BD11 /* RefreshAutoStateNormalFooter.m */; };
		57F85BED1C7C44CD0066F383 /* RefreshAutoFooter.m in Sources */ = {isa = PBXBuildFile; fileRef = 57F85BEC1C7C44CD0066F383 /* RefreshAutoFooter.m */; };
/* End PBXBuildFile section */

/* Begin PBXContainerItemProxy section */
		578A1CEC1C48FA1A0030F8BF /* PBXContainerItemProxy */ = {
			isa = PBXContainerItemProxy;
			containerPortal = 578A1CCA1C48FA1A0030F8BF /* Project object */;
			proxyType = 1;
			remoteGlobalIDString = 578A1CD11C48FA1A0030F8BF;
			remoteInfo = YTRefresh;
		};
		578A1CF71C48FA1A0030F8BF /* PBXContainerItemProxy */ = {
			isa = PBXContainerItemProxy;
			containerPortal = 578A1CCA1C48FA1A0030F8BF /* Project object */;
			proxyType = 1;
			remoteGlobalIDString = 578A1CD11C48FA1A0030F8BF;
			remoteInfo = YTRefresh;
		};
/* End PBXContainerItemProxy section */

/* Begin PBXFileReference section */
		571483471C842EB30045A1B1 /* RefreshGifHeader.h */ = {isa = PBXFileReference; fileEncoding = 4; lastKnownFileType = sourcecode.c.h; path = RefreshGifHeader.h; sourceTree = "<group>"; };
		571483481C842EB30045A1B1 /* RefreshGifHeader.m */ = {isa = PBXFileReference; fileEncoding = 4; lastKnownFileType = sourcecode.c.objc; path = RefreshGifHeader.m; sourceTree = "<group>"; };
		573079131C7C0834003FD204 /* RefreshHeader.h */ = {isa = PBXFileReference; fileEncoding = 4; lastKnownFileType = sourcecode.c.h; path = RefreshHeader.h; sourceTree = "<group>"; };
		573079141C7C0834003FD204 /* RefreshHeader.m */ = {isa = PBXFileReference; fileEncoding = 4; lastKnownFileType = sourcecode.c.objc; path = RefreshHeader.m; sourceTree = "<group>"; };
		5744DF4B1C746567009B9E1E /* Refresh.h */ = {isa = PBXFileReference; lastKnownFileType = sourcecode.c.h; path = Refresh.h; sourceTree = "<group>"; };
		5744DF4C1C7465E0009B9E1E /* RefreshComponent.h */ = {isa = PBXFileReference; fileEncoding = 4; lastKnownFileType = sourcecode.c.h; path = RefreshComponent.h; sourceTree = "<group>"; };
		5744DF4D1C7465E0009B9E1E /* RefreshComponent.m */ = {isa = PBXFileReference; fileEncoding = 4; lastKnownFileType = sourcecode.c.objc; path = RefreshComponent.m; sourceTree = "<group>"; };
		5744DF4F1C7467C9009B9E1E /* UIView+YTExtension.h */ = {isa = PBXFileReference; fileEncoding = 4; lastKnownFileType = sourcecode.c.h; path = "UIView+YTExtension.h"; sourceTree = "<group>"; };
		5744DF501C7467C9009B9E1E /* UIView+YTExtension.m */ = {isa = PBXFileReference; fileEncoding = 4; lastKnownFileType = sourcecode.c.objc; path = "UIView+YTExtension.m"; sourceTree = "<group>"; };
		5744DF521C746817009B9E1E /* UIScrollView+YTExtension.h */ = {isa = PBXFileReference; fileEncoding = 4; lastKnownFileType = sourcecode.c.h; path = "UIScrollView+YTExtension.h"; sourceTree = "<group>"; };
		5744DF531C746817009B9E1E /* UIScrollView+YTExtension.m */ = {isa = PBXFileReference; fileEncoding = 4; lastKnownFileType = sourcecode.c.objc; path = "UIScrollView+YTExtension.m"; sourceTree = "<group>"; };
		5744DF551C74899A009B9E1E /* RefreshConst.h */ = {isa = PBXFileReference; fileEncoding = 4; lastKnownFileType = sourcecode.c.h; path = RefreshConst.h; sourceTree = "<group>"; };
		5744DF561C74899A009B9E1E /* RefreshConst.m */ = {isa = PBXFileReference; fileEncoding = 4; lastKnownFileType = sourcecode.c.objc; path = RefreshConst.m; sourceTree = "<group>"; };
		5744DF591C759BC1009B9E1E /* RefreshFooter.h */ = {isa = PBXFileReference; fileEncoding = 4; lastKnownFileType = sourcecode.c.h; path = RefreshFooter.h; sourceTree = "<group>"; };
		5744DF5A1C759BC1009B9E1E /* RefreshFooter.m */ = {isa = PBXFileReference; fileEncoding = 4; lastKnownFileType = sourcecode.c.objc; path = RefreshFooter.m; sourceTree = "<group>"; };
		5744DF5D1C75A2AE009B9E1E /* UIScrollView+Refresh.h */ = {isa = PBXFileReference; fileEncoding = 4; lastKnownFileType = sourcecode.c.h; path = "UIScrollView+Refresh.h"; sourceTree = "<group>"; };
		5744DF5E1C75A2AE009B9E1E /* UIScrollView+Refresh.m */ = {isa = PBXFileReference; fileEncoding = 4; lastKnownFileType = sourcecode.c.objc; path = "UIScrollView+Refresh.m"; sourceTree = "<group>"; };
		577CF22D1C7EF46200CFF20D /* RefreshStateHeader.h */ = {isa = PBXFileReference; fileEncoding = 4; lastKnownFileType = sourcecode.c.h; path = RefreshStateHeader.h; sourceTree = "<group>"; };
		577CF22E1C7EF46200CFF20D /* RefreshStateHeader.m */ = {isa = PBXFileReference; fileEncoding = 4; lastKnownFileType = sourcecode.c.objc; path = RefreshStateHeader.m; sourceTree = "<group>"; };
		577CF2301C7F006900CFF20D /* RefreshStateNormalHeader.h */ = {isa = PBXFileReference; fileEncoding = 4; lastKnownFileType = sourcecode.c.h; path = RefreshStateNormalHeader.h; sourceTree = "<group>"; };
		577CF2311C7F006900CFF20D /* RefreshStateNormalHeader.m */ = {isa = PBXFileReference; fileEncoding = 4; lastKnownFileType = sourcecode.c.objc; path = RefreshStateNormalHeader.m; sourceTree = "<group>"; };
		577CF2331C7F06D100CFF20D /* arrow@2x.png */ = {isa = PBXFileReference; lastKnownFileType = image.png; name = "arrow@2x.png"; path = "Extension/arrow@2x.png"; sourceTree = "<group>"; };
		578A1CD21C48FA1A0030F8BF /* YTRefresh.app */ = {isa = PBXFileReference; explicitFileType = wrapper.application; includeInIndex = 0; path = YTRefresh.app; sourceTree = BUILT_PRODUCTS_DIR; };
		578A1CD61C48FA1A0030F8BF /* main.m */ = {isa = PBXFileReference; lastKnownFileType = sourcecode.c.objc; path = main.m; sourceTree = "<group>"; };
		578A1CD81C48FA1A0030F8BF /* AppDelegate.h */ = {isa = PBXFileReference; lastKnownFileType = sourcecode.c.h; path = AppDelegate.h; sourceTree = "<group>"; };
		578A1CD91C48FA1A0030F8BF /* AppDelegate.m */ = {isa = PBXFileReference; lastKnownFileType = sourcecode.c.objc; path = AppDelegate.m; sourceTree = "<group>"; };
		578A1CDB1C48FA1A0030F8BF /* ViewController.h */ = {isa = PBXFileReference; lastKnownFileType = sourcecode.c.h; path = ViewController.h; sourceTree = "<group>"; };
		578A1CDC1C48FA1A0030F8BF /* ViewController.m */ = {isa = PBXFileReference; lastKnownFileType = sourcecode.c.objc; path = ViewController.m; sourceTree = "<group>"; };
		578A1CDF1C48FA1A0030F8BF /* Base */ = {isa = PBXFileReference; lastKnownFileType = file.storyboard; name = Base; path = Base.lproj/Main.storyboard; sourceTree = "<group>"; };
		578A1CE11C48FA1A0030F8BF /* Assets.xcassets */ = {isa = PBXFileReference; lastKnownFileType = folder.assetcatalog; path = Assets.xcassets; sourceTree = "<group>"; };
		578A1CE41C48FA1A0030F8BF /* Base */ = {isa = PBXFileReference; lastKnownFileType = file.storyboard; name = Base; path = Base.lproj/LaunchScreen.storyboard; sourceTree = "<group>"; };
		578A1CE61C48FA1A0030F8BF /* Info.plist */ = {isa = PBXFileReference; lastKnownFileType = text.plist.xml; path = Info.plist; sourceTree = "<group>"; };
		578A1CEB1C48FA1A0030F8BF /* YTRefreshTests.xctest */ = {isa = PBXFileReference; explicitFileType = wrapper.cfbundle; includeInIndex = 0; path = YTRefreshTests.xctest; sourceTree = BUILT_PRODUCTS_DIR; };
		578A1CEF1C48FA1A0030F8BF /* YTRefreshTests.m */ = {isa = PBXFileReference; lastKnownFileType = sourcecode.c.objc; path = YTRefreshTests.m; sourceTree = "<group>"; };
		578A1CF11C48FA1A0030F8BF /* Info.plist */ = {isa = PBXFileReference; lastKnownFileType = text.plist.xml; path = Info.plist; sourceTree = "<group>"; };
		578A1CF61C48FA1A0030F8BF /* YTRefreshUITests.xctest */ = {isa = PBXFileReference; explicitFileType = wrapper.cfbundle; includeInIndex = 0; path = YTRefreshUITests.xctest; sourceTree = BUILT_PRODUCTS_DIR; };
		578A1CFA1C48FA1A0030F8BF /* YTRefreshUITests.m */ = {isa = PBXFileReference; lastKnownFileType = sourcecode.c.objc; path = YTRefreshUITests.m; sourceTree = "<group>"; };
		578A1CFC1C48FA1A0030F8BF /* Info.plist */ = {isa = PBXFileReference; lastKnownFileType = text.plist.xml; path = Info.plist; sourceTree = "<group>"; };
		57BC9A641C7D5FA30005BD11 /* RefreshAutoStateFooter.h */ = {isa = PBXFileReference; fileEncoding = 4; lastKnownFileType = sourcecode.c.h; path = RefreshAutoStateFooter.h; sourceTree = "<group>"; };
		57BC9A651C7D5FA30005BD11 /* RefreshAutoStateFooter.m */ = {isa = PBXFileReference; fileEncoding = 4; lastKnownFileType = sourcecode.c.objc; path = RefreshAutoStateFooter.m; sourceTree = "<group>"; };
		57BC9A671C7D794C0005BD11 /* RefreshAutoStateNormalFooter.h */ = {isa = PBXFileReference; fileEncoding = 4; lastKnownFileType = sourcecode.c.h; path = RefreshAutoStateNormalFooter.h; sourceTree = "<group>"; };
		57BC9A681C7D794C0005BD11 /* RefreshAutoStateNormalFooter.m */ = {isa = PBXFileReference; fileEncoding = 4; lastKnownFileType = sourcecode.c.objc; path = RefreshAutoStateNormalFooter.m; sourceTree = "<group>"; };
		57F85BEB1C7C44CD0066F383 /* RefreshAutoFooter.h */ = {isa = PBXFileReference; fileEncoding = 4; lastKnownFileType = sourcecode.c.h; path = RefreshAutoFooter.h; sourceTree = "<group>"; };
		57F85BEC1C7C44CD0066F383 /* RefreshAutoFooter.m */ = {isa = PBXFileReference; fileEncoding = 4; lastKnownFileType = sourcecode.c.objc; path = RefreshAutoFooter.m; sourceTree = "<group>"; };
/* End PBXFileReference section */

/* Begin PBXFrameworksBuildPhase section */
		578A1CCF1C48FA1A0030F8BF /* Frameworks */ = {
			isa = PBXFrameworksBuildPhase;
			buildActionMask = 2147483647;
			files = (
			);
			runOnlyForDeploymentPostprocessing = 0;
		};
		578A1CE81C48FA1A0030F8BF /* Frameworks */ = {
			isa = PBXFrameworksBuildPhase;
			buildActionMask = 2147483647;
			files = (
			);
			runOnlyForDeploymentPostprocessing = 0;
		};
		578A1CF31C48FA1A0030F8BF /* Frameworks */ = {
			isa = PBXFrameworksBuildPhase;
			buildActionMask = 2147483647;
			files = (
			);
			runOnlyForDeploymentPostprocessing = 0;
		};
/* End PBXFrameworksBuildPhase section */

/* Begin PBXGroup section */
		5744DF411C745E23009B9E1E /* Refresh */ = {
			isa = PBXGroup;
			children = (
				5744DF421C745E23009B9E1E /* Base */,
				5744DF431C745E23009B9E1E /* Custom */,
				5744DF441C745E23009B9E1E /* Extension */,
				5744DF4B1C746567009B9E1E /* Refresh.h */,
				577CF2331C7F06D100CFF20D /* arrow@2x.png */,
				5744DF551C74899A009B9E1E /* RefreshConst.h */,
				5744DF561C74899A009B9E1E /* RefreshConst.m */,
			);
			path = Refresh;
			sourceTree = "<group>";
		};
		5744DF421C745E23009B9E1E /* Base */ = {
			isa = PBXGroup;
			children = (
				5744DF4C1C7465E0009B9E1E /* RefreshComponent.h */,
				5744DF4D1C7465E0009B9E1E /* RefreshComponent.m */,
				573079131C7C0834003FD204 /* RefreshHeader.h */,
				573079141C7C0834003FD204 /* RefreshHeader.m */,
				5744DF591C759BC1009B9E1E /* RefreshFooter.h */,
				5744DF5A1C759BC1009B9E1E /* RefreshFooter.m */,
				57F85BEB1C7C44CD0066F383 /* RefreshAutoFooter.h */,
				57F85BEC1C7C44CD0066F383 /* RefreshAutoFooter.m */,
			);
			path = Base;
			sourceTree = "<group>";
		};
		5744DF431C745E23009B9E1E /* Custom */ = {
			isa = PBXGroup;
			children = (
				57BC9A5D1C7D4FCC0005BD11 /* Footer */,
				57BC9A5E1C7D4FCC0005BD11 /* Header */,
			);
			path = Custom;
			sourceTree = "<group>";
		};
		5744DF441C745E23009B9E1E /* Extension */ = {
			isa = PBXGroup;
			children = (
				5744DF4F1C7467C9009B9E1E /* UIView+YTExtension.h */,
				5744DF501C7467C9009B9E1E /* UIView+YTExtension.m */,
				5744DF521C746817009B9E1E /* UIScrollView+YTExtension.h */,
				5744DF531C746817009B9E1E /* UIScrollView+YTExtension.m */,
				5744DF5D1C75A2AE009B9E1E /* UIScrollView+Refresh.h */,
				5744DF5E1C75A2AE009B9E1E /* UIScrollView+Refresh.m */,
			);
			path = Extension;
			sourceTree = "<group>";
		};
		578A1CC91C48FA1A0030F8BF = {
			isa = PBXGroup;
			children = (
				578A1CD41C48FA1A0030F8BF /* YTRefresh */,
				578A1CEE1C48FA1A0030F8BF /* YTRefreshTests */,
				578A1CF91C48FA1A0030F8BF /* YTRefreshUITests */,
				578A1CD31C48FA1A0030F8BF /* Products */,
			);
			sourceTree = "<group>";
		};
		578A1CD31C48FA1A0030F8BF /* Products */ = {
			isa = PBXGroup;
			children = (
				578A1CD21C48FA1A0030F8BF /* YTRefresh.app */,
				578A1CEB1C48FA1A0030F8BF /* YTRefreshTests.xctest */,
				578A1CF61C48FA1A0030F8BF /* YTRefreshUITests.xctest */,
			);
			name = Products;
			sourceTree = "<group>";
		};
		578A1CD41C48FA1A0030F8BF /* YTRefresh */ = {
			isa = PBXGroup;
			children = (
				5744DF411C745E23009B9E1E /* Refresh */,
				578A1CD81C48FA1A0030F8BF /* AppDelegate.h */,
				578A1CD91C48FA1A0030F8BF /* AppDelegate.m */,
				578A1CDB1C48FA1A0030F8BF /* ViewController.h */,
				578A1CDC1C48FA1A0030F8BF /* ViewController.m */,
				578A1CDE1C48FA1A0030F8BF /* Main.storyboard */,
				578A1CE11C48FA1A0030F8BF /* Assets.xcassets */,
				578A1CE31C48FA1A0030F8BF /* LaunchScreen.storyboard */,
				578A1CE61C48FA1A0030F8BF /* Info.plist */,
				578A1CD51C48FA1A0030F8BF /* Supporting Files */,
			);
			path = YTRefresh;
			sourceTree = "<group>";
		};
		578A1CD51C48FA1A0030F8BF /* Supporting Files */ = {
			isa = PBXGroup;
			children = (
				578A1CD61C48FA1A0030F8BF /* main.m */,
			);
			name = "Supporting Files";
			sourceTree = "<group>";
		};
		578A1CEE1C48FA1A0030F8BF /* YTRefreshTests */ = {
			isa = PBXGroup;
			children = (
				578A1CEF1C48FA1A0030F8BF /* YTRefreshTests.m */,
				578A1CF11C48FA1A0030F8BF /* Info.plist */,
			);
			path = YTRefreshTests;
			sourceTree = "<group>";
		};
		578A1CF91C48FA1A0030F8BF /* YTRefreshUITests */ = {
			isa = PBXGroup;
			children = (
				578A1CFA1C48FA1A0030F8BF /* YTRefreshUITests.m */,
				578A1CFC1C48FA1A0030F8BF /* Info.plist */,
			);
			path = YTRefreshUITests;
			sourceTree = "<group>";
		};
		57BC9A5D1C7D4FCC0005BD11 /* Footer */ = {
			isa = PBXGroup;
			children = (
				57BC9A621C7D5F010005BD11 /* Auto */,
			);
			path = Footer;
			sourceTree = "<group>";
		};
		57BC9A5E1C7D4FCC0005BD11 /* Header */ = {
			isa = PBXGroup;
			children = (
				577CF22D1C7EF46200CFF20D /* RefreshStateHeader.h */,
				577CF22E1C7EF46200CFF20D /* RefreshStateHeader.m */,
				577CF2301C7F006900CFF20D /* RefreshStateNormalHeader.h */,
				577CF2311C7F006900CFF20D /* RefreshStateNormalHeader.m */,
				571483471C842EB30045A1B1 /* RefreshGifHeader.h */,
				571483481C842EB30045A1B1 /* RefreshGifHeader.m */,
			);
			path = Header;
			sourceTree = "<group>";
		};
		57BC9A621C7D5F010005BD11 /* Auto */ = {
			isa = PBXGroup;
			children = (
				57BC9A641C7D5FA30005BD11 /* RefreshAutoStateFooter.h */,
				57BC9A651C7D5FA30005BD11 /* RefreshAutoStateFooter.m */,
				57BC9A671C7D794C0005BD11 /* RefreshAutoStateNormalFooter.h */,
				57BC9A681C7D794C0005BD11 /* RefreshAutoStateNormalFooter.m */,
			);
			path = Auto;
			sourceTree = "<group>";
		};
/* End PBXGroup section */

/* Begin PBXNativeTarget section */
		578A1CD11C48FA1A0030F8BF /* YTRefresh */ = {
			isa = PBXNativeTarget;
			buildConfigurationList = 578A1CFF1C48FA1A0030F8BF /* Build configuration list for PBXNativeTarget "YTRefresh" */;
			buildPhases = (
				578A1CCE1C48FA1A0030F8BF /* Sources */,
				578A1CCF1C48FA1A0030F8BF /* Frameworks */,
				578A1CD01C48FA1A0030F8BF /* Resources */,
			);
			buildRules = (
			);
			dependencies = (
			);
			name = YTRefresh;
			productName = YTRefresh;
			productReference = 578A1CD21C48FA1A0030F8BF /* YTRefresh.app */;
			productType = "com.apple.product-type.application";
		};
		578A1CEA1C48FA1A0030F8BF /* YTRefreshTests */ = {
			isa = PBXNativeTarget;
			buildConfigurationList = 578A1D021C48FA1A0030F8BF /* Build configuration list for PBXNativeTarget "YTRefreshTests" */;
			buildPhases = (
				578A1CE71C48FA1A0030F8BF /* Sources */,
				578A1CE81C48FA1A0030F8BF /* Frameworks */,
				578A1CE91C48FA1A0030F8BF /* Resources */,
			);
			buildRules = (
			);
			dependencies = (
				578A1CED1C48FA1A0030F8BF /* PBXTargetDependency */,
			);
			name = YTRefreshTests;
			productName = YTRefreshTests;
			productReference = 578A1CEB1C48FA1A0030F8BF /* YTRefreshTests.xctest */;
			productType = "com.apple.product-type.bundle.unit-test";
		};
		578A1CF51C48FA1A0030F8BF /* YTRefreshUITests */ = {
			isa = PBXNativeTarget;
			buildConfigurationList = 578A1D051C48FA1A0030F8BF /* Build configuration list for PBXNativeTarget "YTRefreshUITests" */;
			buildPhases = (
				578A1CF21C48FA1A0030F8BF /* Sources */,
				578A1CF31C48FA1A0030F8BF /* Frameworks */,
				578A1CF41C48FA1A0030F8BF /* Resources */,
			);
			buildRules = (
			);
			dependencies = (
				578A1CF81C48FA1A0030F8BF /* PBXTargetDependency */,
			);
			name = YTRefreshUITests;
			productName = YTRefreshUITests;
			productReference = 578A1CF61C48FA1A0030F8BF /* YTRefreshUITests.xctest */;
			productType = "com.apple.product-type.bundle.ui-testing";
		};
/* End PBXNativeTarget section */

/* Begin PBXProject section */
		578A1CCA1C48FA1A0030F8BF /* Project object */ = {
			isa = PBXProject;
			attributes = {
				LastUpgradeCheck = 0720;
				ORGANIZATIONNAME = Heaven;
				TargetAttributes = {
					578A1CD11C48FA1A0030F8BF = {
						CreatedOnToolsVersion = 7.2;
						DevelopmentTeam = W2XG7P2NCL;
					};
					578A1CEA1C48FA1A0030F8BF = {
						CreatedOnToolsVersion = 7.2;
						DevelopmentTeam = W2XG7P2NCL;
						TestTargetID = 578A1CD11C48FA1A0030F8BF;
					};
					578A1CF51C48FA1A0030F8BF = {
						CreatedOnToolsVersion = 7.2;
						DevelopmentTeam = W2XG7P2NCL;
						TestTargetID = 578A1CD11C48FA1A0030F8BF;
					};
				};
			};
			buildConfigurationList = 578A1CCD1C48FA1A0030F8BF /* Build configuration list for PBXProject "YTRefresh" */;
			compatibilityVersion = "Xcode 3.2";
			developmentRegion = English;
			hasScannedForEncodings = 0;
			knownRegions = (
				en,
				Base,
			);
			mainGroup = 578A1CC91C48FA1A0030F8BF;
			productRefGroup = 578A1CD31C48FA1A0030F8BF /* Products */;
			projectDirPath = "";
			projectRoot = "";
			targets = (
				578A1CD11C48FA1A0030F8BF /* YTRefresh */,
				578A1CEA1C48FA1A0030F8BF /* YTRefreshTests */,
				578A1CF51C48FA1A0030F8BF /* YTRefreshUITests */,
			);
		};
/* End PBXProject section */

/* Begin PBXResourcesBuildPhase section */
		578A1CD01C48FA1A0030F8BF /* Resources */ = {
			isa = PBXResourcesBuildPhase;
			buildActionMask = 2147483647;
			files = (
				577CF2341C7F06D100CFF20D /* arrow@2x.png in Resources */,
				578A1CE51C48FA1A0030F8BF /* LaunchScreen.storyboard in Resources */,
				578A1CE21C48FA1A0030F8BF /* Assets.xcassets in Resources */,
				578A1CE01C48FA1A0030F8BF /* Main.storyboard in Resources */,
			);
			runOnlyForDeploymentPostprocessing = 0;
		};
		578A1CE91C48FA1A0030F8BF /* Resources */ = {
			isa = PBXResourcesBuildPhase;
			buildActionMask = 2147483647;
			files = (
			);
			runOnlyForDeploymentPostprocessing = 0;
		};
		578A1CF41C48FA1A0030F8BF /* Resources */ = {
			isa = PBXResourcesBuildPhase;
			buildActionMask = 2147483647;
			files = (
			);
			runOnlyForDeploymentPostprocessing = 0;
		};
/* End PBXResourcesBuildPhase section */

/* Begin PBXSourcesBuildPhase section */
		578A1CCE1C48FA1A0030F8BF /* Sources */ = {
			isa = PBXSourcesBuildPhase;
			buildActionMask = 2147483647;
			files = (
				577CF22F1C7EF46200CFF20D /* RefreshStateHeader.m in Sources */,
				57F85BED1C7C44CD0066F383 /* RefreshAutoFooter.m in Sources */,
				57BC9A691C7D794C0005BD11 /* RefreshAutoStateNormalFooter.m in Sources */,
				5744DF5B1C759BC1009B9E1E /* RefreshFooter.m in Sources */,
				5744DF4E1C7465E0009B9E1E /* RefreshComponent.m in Sources */,
				57BC9A661C7D5FA30005BD11 /* RefreshAutoStateFooter.m in Sources */,
				5744DF571C74899A009B9E1E /* RefreshConst.m in Sources */,
				578A1CDD1C48FA1A0030F8BF /* ViewController.m in Sources */,
				5744DF5F1C75A2AE009B9E1E /* UIScrollView+Refresh.m in Sources */,
				578A1CDA1C48FA1A0030F8BF /* AppDelegate.m in Sources */,
				578A1CD71C48FA1A0030F8BF /* main.m in Sources */,
				571483491C842EB30045A1B1 /* RefreshGifHeader.m in Sources */,
				5744DF541C746817009B9E1E /* UIScrollView+YTExtension.m in Sources */,
				573079151C7C0834003FD204 /* RefreshHeader.m in Sources */,
				577CF2321C7F006900CFF20D /* RefreshStateNormalHeader.m in Sources */,
				5744DF511C7467C9009B9E1E /* UIView+YTExtension.m in Sources */,
			);
			runOnlyForDeploymentPostprocessing = 0;
		};
		578A1CE71C48FA1A0030F8BF /* Sources */ = {
			isa = PBXSourcesBuildPhase;
			buildActionMask = 2147483647;
			files = (
				578A1CF01C48FA1A0030F8BF /* YTRefreshTests.m in Sources */,
			);
			runOnlyForDeploymentPostprocessing = 0;
		};
		578A1CF21C48FA1A0030F8BF /* Sources */ = {
			isa = PBXSourcesBuildPhase;
			buildActionMask = 2147483647;
			files = (
				578A1CFB1C48FA1A0030F8BF /* YTRefreshUITests.m in Sources */,
			);
			runOnlyForDeploymentPostprocessing = 0;
		};
/* End PBXSourcesBuildPhase section */

/* Begin PBXTargetDependency section */
		578A1CED1C48FA1A0030F8BF /* PBXTargetDependency */ = {
			isa = PBXTargetDependency;
			target = 578A1CD11C48FA1A0030F8BF /* YTRefresh */;
			targetProxy = 578A1CEC1C48FA1A0030F8BF /* PBXContainerItemProxy */;
		};
		578A1CF81C48FA1A0030F8BF /* PBXTargetDependency */ = {
			isa = PBXTargetDependency;
			target = 578A1CD11C48FA1A0030F8BF /* YTRefresh */;
			targetProxy = 578A1CF71C48FA1A0030F8BF /* PBXContainerItemProxy */;
		};
/* End PBXTargetDependency section */

/* Begin PBXVariantGroup section */
		578A1CDE1C48FA1A0030F8BF /* Main.storyboard */ = {
			isa = PBXVariantGroup;
			children = (
				578A1CDF1C48FA1A0030F8BF /* Base */,
			);
			name = Main.storyboard;
			sourceTree = "<group>";
		};
		578A1CE31C48FA1A0030F8BF /* LaunchScreen.storyboard */ = {
			isa = PBXVariantGroup;
			children = (
				578A1CE41C48FA1A0030F8BF /* Base */,
			);
			name = LaunchScreen.storyboard;
			sourceTree = "<group>";
		};
/* End PBXVariantGroup section */

/* Begin XCBuildConfiguration section */
		578A1CFD1C48FA1A0030F8BF /* Debug */ = {
			isa = XCBuildConfiguration;
			buildSettings = {
				ALWAYS_SEARCH_USER_PATHS = NO;
				CLANG_CXX_LANGUAGE_STANDARD = "gnu++0x";
				CLANG_CXX_LIBRARY = "libc++";
				CLANG_ENABLE_MODULES = YES;
				CLANG_ENABLE_OBJC_ARC = YES;
				CLANG_WARN_BOOL_CONVERSION = YES;
				CLANG_WARN_CONSTANT_CONVERSION = YES;
				CLANG_WARN_DIRECT_OBJC_ISA_USAGE = YES_ERROR;
				CLANG_WARN_EMPTY_BODY = YES;
				CLANG_WARN_ENUM_CONVERSION = YES;
				CLANG_WARN_INT_CONVERSION = YES;
				CLANG_WARN_OBJC_ROOT_CLASS = YES_ERROR;
				CLANG_WARN_UNREACHABLE_CODE = YES;
				CLANG_WARN__DUPLICATE_METHOD_MATCH = YES;
				"CODE_SIGN_IDENTITY[sdk=iphoneos*]" = "iPhone Developer";
				COPY_PHASE_STRIP = NO;
				DEBUG_INFORMATION_FORMAT = dwarf;
				ENABLE_STRICT_OBJC_MSGSEND = YES;
				ENABLE_TESTABILITY = YES;
				GCC_C_LANGUAGE_STANDARD = gnu99;
				GCC_DYNAMIC_NO_PIC = NO;
				GCC_NO_COMMON_BLOCKS = YES;
				GCC_OPTIMIZATION_LEVEL = 0;
				GCC_PREPROCESSOR_DEFINITIONS = (
					"DEBUG=1",
					"$(inherited)",
				);
				GCC_WARN_64_TO_32_BIT_CONVERSION = YES;
				GCC_WARN_ABOUT_RETURN_TYPE = YES_ERROR;
				GCC_WARN_UNDECLARED_SELECTOR = YES;
				GCC_WARN_UNINITIALIZED_AUTOS = YES_AGGRESSIVE;
				GCC_WARN_UNUSED_FUNCTION = YES;
				GCC_WARN_UNUSED_VARIABLE = YES;
				IPHONEOS_DEPLOYMENT_TARGET = 9.2;
				MTL_ENABLE_DEBUG_INFO = YES;
				ONLY_ACTIVE_ARCH = YES;
				SDKROOT = iphoneos;
				TARGETED_DEVICE_FAMILY = "1,2";
			};
			name = Debug;
		};
		578A1CFE1C48FA1A0030F8BF /* Release */ = {
			isa = XCBuildConfiguration;
			buildSettings = {
				ALWAYS_SEARCH_USER_PATHS = NO;
				CLANG_CXX_LANGUAGE_STANDARD = "gnu++0x";
				CLANG_CXX_LIBRARY = "libc++";
				CLANG_ENABLE_MODULES = YES;
				CLANG_ENABLE_OBJC_ARC = YES;
				CLANG_WARN_BOOL_CONVERSION = YES;
				CLANG_WARN_CONSTANT_CONVERSION = YES;
				CLANG_WARN_DIRECT_OBJC_ISA_USAGE = YES_ERROR;
				CLANG_WARN_EMPTY_BODY = YES;
				CLANG_WARN_ENUM_CONVERSION = YES;
				CLANG_WARN_INT_CONVERSION = YES;
				CLANG_WARN_OBJC_ROOT_CLASS = YES_ERROR;
				CLANG_WARN_UNREACHABLE_CODE = YES;
				CLANG_WARN__DUPLICATE_METHOD_MATCH = YES;
				"CODE_SIGN_IDENTITY[sdk=iphoneos*]" = "iPhone Developer";
				COPY_PHASE_STRIP = NO;
				DEBUG_INFORMATION_FORMAT = "dwarf-with-dsym";
				ENABLE_NS_ASSERTIONS = NO;
				ENABLE_STRICT_OBJC_MSGSEND = YES;
				GCC_C_LANGUAGE_STANDARD = gnu99;
				GCC_NO_COMMON_BLOCKS = YES;
				GCC_WARN_64_TO_32_BIT_CONVERSION = YES;
				GCC_WARN_ABOUT_RETURN_TYPE = YES_ERROR;
				GCC_WARN_UNDECLARED_SELECTOR = YES;
				GCC_WARN_UNINITIALIZED_AUTOS = YES_AGGRESSIVE;
				GCC_WARN_UNUSED_FUNCTION = YES;
				GCC_WARN_UNUSED_VARIABLE = YES;
				IPHONEOS_DEPLOYMENT_TARGET = 9.2;
				MTL_ENABLE_DEBUG_INFO = NO;
				SDKROOT = iphoneos;
				TARGETED_DEVICE_FAMILY = "1,2";
				VALIDATE_PRODUCT = YES;
			};
			name = Release;
		};
		578A1D001C48FA1A0030F8BF /* Debug */ = {
			isa = XCBuildConfiguration;
			buildSettings = {
				ASSETCATALOG_COMPILER_APPICON_NAME = AppIcon;
				INFOPLIST_FILE = YTRefresh/Info.plist;
				IPHONEOS_DEPLOYMENT_TARGET = 8.0;
				LD_RUNPATH_SEARCH_PATHS = "$(inherited) @executable_path/Frameworks";
				PRODUCT_BUNDLE_IDENTIFIER = com.zzu.YTRefresh;
				PRODUCT_NAME = "$(TARGET_NAME)";
			};
			name = Debug;
		};
		578A1D011C48FA1A0030F8BF /* Release */ = {
			isa = XCBuildConfiguration;
			buildSettings = {
				ASSETCATALOG_COMPILER_APPICON_NAME = AppIcon;
				INFOPLIST_FILE = YTRefresh/Info.plist;
				IPHONEOS_DEPLOYMENT_TARGET = 8.0;
				LD_RUNPATH_SEARCH_PATHS = "$(inherited) @executable_path/Frameworks";
				PRODUCT_BUNDLE_IDENTIFIER = com.zzu.YTRefresh;
				PRODUCT_NAME = "$(TARGET_NAME)";
			};
			name = Release;
		};
		578A1D031C48FA1A0030F8BF /* Debug */ = {
			isa = XCBuildConfiguration;
			buildSettings = {
				BUNDLE_LOADER = "$(TEST_HOST)";
				INFOPLIST_FILE = YTRefreshTests/Info.plist;
				LD_RUNPATH_SEARCH_PATHS = "$(inherited) @executable_path/Frameworks @loader_path/Frameworks";
				PRODUCT_BUNDLE_IDENTIFIER = com.zzu.YTRefreshTests;
				PRODUCT_NAME = "$(TARGET_NAME)";
				TEST_HOST = "$(BUILT_PRODUCTS_DIR)/YTRefresh.app/YTRefresh";
			};
			name = Debug;
		};
		578A1D041C48FA1A0030F8BF /* Release */ = {
			isa = XCBuildConfiguration;
			buildSettings = {
				BUNDLE_LOADER = "$(TEST_HOST)";
				INFOPLIST_FILE = YTRefreshTests/Info.plist;
				LD_RUNPATH_SEARCH_PATHS = "$(inherited) @executable_path/Frameworks @loader_path/Frameworks";
				PRODUCT_BUNDLE_IDENTIFIER = com.zzu.YTRefreshTests;
				PRODUCT_NAME = "$(TARGET_NAME)";
				TEST_HOST = "$(BUILT_PRODUCTS_DIR)/YTRefresh.app/YTRefresh";
			};
			name = Release;
		};
		578A1D061C48FA1A0030F8BF /* Debug */ = {
			isa = XCBuildConfiguration;
			buildSettings = {
				INFOPLIST_FILE = YTRefreshUITests/Info.plist;
				LD_RUNPATH_SEARCH_PATHS = "$(inherited) @executable_path/Frameworks @loader_path/Frameworks";
				PRODUCT_BUNDLE_IDENTIFIER = com.zzu.YTRefreshUITests;
				PRODUCT_NAME = "$(TARGET_NAME)";
				TEST_TARGET_NAME = YTRefresh;
				USES_XCTRUNNER = YES;
			};
			name = Debug;
		};
		578A1D071C48FA1A0030F8BF /* Release */ = {
			isa = XCBuildConfiguration;
			buildSettings = {
				INFOPLIST_FILE = YTRefreshUITests/Info.plist;
				LD_RUNPATH_SEARCH_PATHS = "$(inherited) @executable_path/Frameworks @loader_path/Frameworks";
				PRODUCT_BUNDLE_IDENTIFIER = com.zzu.YTRefreshUITests;
				PRODUCT_NAME = "$(TARGET_NAME)";
				TEST_TARGET_NAME = YTRefresh;
				USES_XCTRUNNER = YES;
			};
			name = Release;
		};
/* End XCBuildConfiguration section */

/* Begin XCConfigurationList section */
		578A1CCD1C48FA1A0030F8BF /* Build configuration list for PBXProject "YTRefresh" */ = {
			isa = XCConfigurationList;
			buildConfigurations = (
				578A1CFD1C48FA1A0030F8BF /* Debug */,
				578A1CFE1C48FA1A0030F8BF /* Release */,
			);
			defaultConfigurationIsVisible = 0;
			defaultConfigurationName = Release;
		};
		578A1CFF1C48FA1A0030F8BF /* Build configuration list for PBXNativeTarget "YTRefresh" */ = {
			isa = XCConfigurationList;
			buildConfigurations = (
				578A1D001C48FA1A0030F8BF /* Debug */,
				578A1D011C48FA1A0030F8BF /* Release */,
			);
			defaultConfigurationIsVisible = 0;
			defaultConfigurationName = Release;
		};
		578A1D021C48FA1A0030F8BF /* Build configuration list for PBXNativeTarget "YTRefreshTests" */ = {
			isa = XCConfigurationList;
			buildConfigurations = (
				578A1D031C48FA1A0030F8BF /* Debug */,
				578A1D041C48FA1A0030F8BF /* Release */,
			);
			defaultConfigurationIsVisible = 0;
			defaultConfigurationName = Release;
		};
		578A1D051C48FA1A0030F8BF /* Build configuration list for PBXNativeTarget "YTRefreshUITests" */ = {
			isa = XCConfigurationList;
			buildConfigurations = (
				578A1D061C48FA1A0030F8BF /* Debug */,
				578A1D071C48FA1A0030F8BF /* Release */,
			);
			defaultConfigurationIsVisible = 0;
			defaultConfigurationName = Release;
		};
/* End XCConfigurationList section */
	};
	rootObject = 578A1CCA1C48FA1A0030F8BF /* Project object */;
}
